
Microsoft Visual Studio Solution File, Format Version 12.00
# Visual Studio Version 17
VisualStudioVersion = 17.0.31903.59
MinimumVisualStudioVersion = 10.0.40219.1
Project("{2150E333-8FDC-42A3-9474-1A3956D46DE8}") = "src", "src", "{02EA681E-C7D8-13C7-8484-4AC65E1B71E8}"
EndProject
Project("{FAE04EC0-301F-11D3-BF4B-00C04F79EFBC}") = "AccommodationBooking.Api", "src\AccommodationBooking.Api\AccommodationBooking.Api.csproj", "{A22B281A-C006-E29A-D5AD-6043560C1E3B}"
EndProject
Project("{FAE04EC0-301F-11D3-BF4B-00C04F79EFBC}") = "AccommodationBooking.Application", "src\AccommodationBooking.Application\AccommodationBooking.Application.csproj", "{CF7D234D-683D-AA31-1608-6CDFC23F60DB}"
EndProject
Project("{FAE04EC0-301F-11D3-BF4B-00C04F79EFBC}") = "AccommodationBooking.Contracts", "src\AccommodationBooking.Contracts\AccommodationBooking.Contracts.csproj", "{851C8B4E-6EB3-2F48-8011-85A39BE8DFFC}"
EndProject
Project("{FAE04EC0-301F-11D3-BF4B-00C04F79EFBC}") = "AccommodationBooking.Domain", "src\AccommodationBooking.Domain\AccommodationBooking.Domain.csproj", "{159C77CF-CC95-5B85-EDCC-30246A69224C}"
EndProject
Project("{FAE04EC0-301F-11D3-BF4B-00C04F79EFBC}") = "AccommodationBooking.Infrastructure", "src\AccommodationBooking.Infrastructure\AccommodationBooking.Infrastructure.csproj", "{A1325475-634F-692C-4B93-4D3BE6A98051}"
EndProject
Project("{2150E333-8FDC-42A3-9474-1A3956D46DE8}") = "tests", "tests", "{75E37C3B-4B05-423C-83DB-998419949767}"
EndProject
Project("{FAE04EC0-301F-11D3-BF4B-00C04F79EFBC}") = "AccommodationBooking.Domain.UnitTests", "tests\AccommodationBooking.Domain.UnitTests\AccommodationBooking.Domain.UnitTests.csproj", "{957140AE-82E9-45D4-8C62-46249F7825CD}"
EndProject
Project("{FAE04EC0-301F-11D3-BF4B-00C04F79EFBC}") = "AccommodationBooking.Application.UnitTests", "tests\AccommodationBooking.Application.UnitTests\AccommodationBooking.Application.UnitTests.csproj", "{8CA26EAD-7D37-4186-AF0C-8F5DBA667883}"
EndProject
Project("{FAE04EC0-301F-11D3-BF4B-00C04F79EFBC}") = "AccommodationBooking.Application.IntegrationTests", "tests\AccommodationBooking.Application.IntegrationTests\AccommodationBooking.Application.IntegrationTests.csproj", "{AB001401-F505-409F-AA0C-3D81E5057906}"
EndProject
Project("{FAE04EC0-301F-11D3-BF4B-00C04F79EFBC}") = "AccommodationBooking.AcceptanceTests", "tests\AccommodationBooking.AcceptanceTests\AccommodationBooking.AcceptanceTests.csproj", "{05B8E767-8E1F-4EA5-8C2F-700E0779AD78}"
EndProject
Global
	GlobalSection(SolutionConfigurationPlatforms) = preSolution
		Debug|Any CPU = Debug|Any CPU
		Release|Any CPU = Release|Any CPU
	EndGlobalSection
	GlobalSection(ProjectConfigurationPlatforms) = postSolution
		{A22B281A-C006-E29A-D5AD-6043560C1E3B}.Debug|Any CPU.ActiveCfg = Debug|Any CPU
		{A22B281A-C006-E29A-D5AD-6043560C1E3B}.Debug|Any CPU.Build.0 = Debug|Any CPU
		{A22B281A-C006-E29A-D5AD-6043560C1E3B}.Release|Any CPU.ActiveCfg = Release|Any CPU
		{A22B281A-C006-E29A-D5AD-6043560C1E3B}.Release|Any CPU.Build.0 = Release|Any CPU
		{CF7D234D-683D-AA31-1608-6CDFC23F60DB}.Debug|Any CPU.ActiveCfg = Debug|Any CPU
		{CF7D234D-683D-AA31-1608-6CDFC23F60DB}.Debug|Any CPU.Build.0 = Debug|Any CPU
		{CF7D234D-683D-AA31-1608-6CDFC23F60DB}.Release|Any CPU.ActiveCfg = Release|Any CPU
		{CF7D234D-683D-AA31-1608-6CDFC23F60DB}.Release|Any CPU.Build.0 = Release|Any CPU
		{851C8B4E-6EB3-2F48-8011-85A39BE8DFFC}.Debug|Any CPU.ActiveCfg = Debug|Any CPU
		{851C8B4E-6EB3-2F48-8011-85A39BE8DFFC}.Debug|Any CPU.Build.0 = Debug|Any CPU
		{851C8B4E-6EB3-2F48-8011-85A39BE8DFFC}.Release|Any CPU.ActiveCfg = Release|Any CPU
		{851C8B4E-6EB3-2F48-8011-85A39BE8DFFC}.Release|Any CPU.Build.0 = Release|Any CPU
		{159C77CF-CC95-5B85-EDCC-30246A69224C}.Debug|Any CPU.ActiveCfg = Debug|Any CPU
		{159C77CF-CC95-5B85-EDCC-30246A69224C}.Debug|Any CPU.Build.0 = Debug|Any CPU
		{159C77CF-CC95-5B85-EDCC-30246A69224C}.Release|Any CPU.ActiveCfg = Release|Any CPU
		{159C77CF-CC95-5B85-EDCC-30246A69224C}.Release|Any CPU.Build.0 = Release|Any CPU
		{A1325475-634F-692C-4B93-4D3BE6A98051}.Debug|Any CPU.ActiveCfg = Debug|Any CPU
		{A1325475-634F-692C-4B93-4D3BE6A98051}.Debug|Any CPU.Build.0 = Debug|Any CPU
		{A1325475-634F-692C-4B93-4D3BE6A98051}.Release|Any CPU.ActiveCfg = Release|Any CPU
		{A1325475-634F-692C-4B93-4D3BE6A98051}.Release|Any CPU.Build.0 = Release|Any CPU
		{957140AE-82E9-45D4-8C62-46249F7825CD}.Debug|Any CPU.ActiveCfg = Debug|Any CPU
		{957140AE-82E9-45D4-8C62-46249F7825CD}.Debug|Any CPU.Build.0 = Debug|Any CPU
		{957140AE-82E9-45D4-8C62-46249F7825CD}.Release|Any CPU.ActiveCfg = Release|Any CPU
		{957140AE-82E9-45D4-8C62-46249F7825CD}.Release|Any CPU.Build.0 = Release|Any CPU
		{8CA26EAD-7D37-4186-AF0C-8F5DBA667883}.Debug|Any CPU.ActiveCfg = Debug|Any CPU
		{8CA26EAD-7D37-4186-AF0C-8F5DBA667883}.Debug|Any CPU.Build.0 = Debug|Any CPU
		{8CA26EAD-7D37-4186-AF0C-8F5DBA667883}.Release|Any CPU.ActiveCfg = Release|Any CPU
		{8CA26EAD-7D37-4186-AF0C-8F5DBA667883}.Release|Any CPU.Build.0 = Release|Any CPU
		{AB001401-F505-409F-AA0C-3D81E5057906}.Debug|Any CPU.ActiveCfg = Debug|Any CPU
		{AB001401-F505-409F-AA0C-3D81E5057906}.Debug|Any CPU.Build.0 = Debug|Any CPU
		{AB001401-F505-409F-AA0C-3D81E5057906}.Release|Any CPU.ActiveCfg = Release|Any CPU
		{AB001401-F505-409F-AA0C-3D81E5057906}.Release|Any CPU.Build.0 = Release|Any CPU
		{05B8E767-8E1F-4EA5-8C2F-700E0779AD78}.Debug|Any CPU.ActiveCfg = Debug|Any CPU
		{05B8E767-8E1F-4EA5-8C2F-700E0779AD78}.Debug|Any CPU.Build.0 = Debug|Any CPU
		{05B8E767-8E1F-4EA5-8C2F-700E0779AD78}.Release|Any CPU.ActiveCfg = Release|Any CPU
		{05B8E767-8E1F-4EA5-8C2F-700E0779AD78}.Release|Any CPU.Build.0 = Release|Any CPU
	EndGlobalSection
	GlobalSection(SolutionProperties) = preSolution
		HideSolutionNode = FALSE
	EndGlobalSection
	GlobalSection(NestedProjects) = preSolution
		{A22B281A-C006-E29A-D5AD-6043560C1E3B} = {02EA681E-C7D8-13C7-8484-4AC65E1B71E8}
		{CF7D234D-683D-AA31-1608-6CDFC23F60DB} = {02EA681E-C7D8-13C7-8484-4AC65E1B71E8}
		{851C8B4E-6EB3-2F48-8011-85A39BE8DFFC} = {02EA681E-C7D8-13C7-8484-4AC65E1B71E8}
		{159C77CF-CC95-5B85-EDCC-30246A69224C} = {02EA681E-C7D8-13C7-8484-4AC65E1B71E8}
		{A1325475-634F-692C-4B93-4D3BE6A98051} = {02EA681E-C7D8-13C7-8484-4AC65E1B71E8}
		{957140AE-82E9-45D4-8C62-46249F7825CD} = {75E37C3B-4B05-423C-83DB-998419949767}
		{8CA26EAD-7D37-4186-AF0C-8F5DBA667883} = {75E37C3B-4B05-423C-83DB-998419949767}
		{AB001401-F505-409F-AA0C-3D81E5057906} = {75E37C3B-4B05-423C-83DB-998419949767}
		{05B8E767-8E1F-4EA5-8C2F-700E0779AD78} = {75E37C3B-4B05-423C-83DB-998419949767}
	EndGlobalSection
	GlobalSection(ExtensibilityGlobals) = postSolution
		SolutionGuid = {AA930948-A823-40C4-82D0-A64A7D73D88F}
	EndGlobalSection
EndGlobal
